
Microsoft Visual Studio Solution File, Format Version 12.00
# Visual Studio Version 16
VisualStudioVersion = 16.0.30804.86
MinimumVisualStudioVersion = 10.0.40219.1
Project("{9A19103F-16F7-4668-BE54-9A1E7A4F7556}") = "AdminSimulator", "AdminSimulator\AdminSimulator.csproj", "{794219DA-25F0-4CAA-9911-537D4661632D}"
EndProject
Global
	GlobalSection(SolutionConfigurationPlatforms) = preSolution
		Debug|Any CPU = Debug|Any CPU
		Release|Any CPU = Release|Any CPU
	EndGlobalSection
	GlobalSection(ProjectConfigurationPlatforms) = postSolution
		{794219DA-25F0-4CAA-9911-537D4661632D}.Debug|Any CPU.ActiveCfg = Debug|Any CPU
		{794219DA-25F0-4CAA-9911-537D4661632D}.Debug|Any CPU.Build.0 = Debug|Any CPU
		{794219DA-25F0-4CAA-9911-537D4661632D}.Release|Any CPU.ActiveCfg = Release|Any CPU
		{794219DA-25F0-4CAA-9911-537D4661632D}.Release|Any CPU.Build.0 = Release|Any CPU
	EndGlobalSection
	GlobalSection(SolutionProperties) = preSolution
		HideSolutionNode = FALSE
	EndGlobalSection
	GlobalSection(ExtensibilityGlobals) = postSolution
		SolutionGuid = {1CB8DD21-45B3-4794-9422-DBB928866585}
	EndGlobalSection
EndGlobal
